
Microsoft Visual Studio Solution File, Format Version 12.00
# Visual Studio Version 16
VisualStudioVersion = 16.0.30611.23
MinimumVisualStudioVersion = 10.0.40219.1
Project("{9A19103F-16F7-4668-BE54-9A1E7A4F7556}") = "DesafioGamaAvanade", "DesafioGamaAvanade.csproj", "{4336DA4E-206A-45B6-8149-C70238C03886}"
EndProject
Project("{FAE04EC0-301F-11D3-BF4B-00C04F79EFBC}") = "DesafioGamaAvanade.Business", "..\DesafioGamaAvanade.Business\DesafioGamaAvanade.Business.csproj", "{B5CC055C-3A1F-48A1-A735-4A7E654E02C0}"
EndProject
Project("{FAE04EC0-301F-11D3-BF4B-00C04F79EFBC}") = "DesafioGamaAvanade.Data", "..\DesafioGamaAvanade.Data\DesafioGamaAvanade.Data.csproj", "{1FD3D2C9-39CC-49CE-B170-D56F50CDA611}"
EndProject
Global
	GlobalSection(SolutionConfigurationPlatforms) = preSolution
		Debug|Any CPU = Debug|Any CPU
		Release|Any CPU = Release|Any CPU
	EndGlobalSection
	GlobalSection(ProjectConfigurationPlatforms) = postSolution
		{4336DA4E-206A-45B6-8149-C70238C03886}.Debug|Any CPU.ActiveCfg = Debug|Any CPU
		{4336DA4E-206A-45B6-8149-C70238C03886}.Debug|Any CPU.Build.0 = Debug|Any CPU
		{4336DA4E-206A-45B6-8149-C70238C03886}.Release|Any CPU.ActiveCfg = Release|Any CPU
		{4336DA4E-206A-45B6-8149-C70238C03886}.Release|Any CPU.Build.0 = Release|Any CPU
		{B5CC055C-3A1F-48A1-A735-4A7E654E02C0}.Debug|Any CPU.ActiveCfg = Debug|Any CPU
		{B5CC055C-3A1F-48A1-A735-4A7E654E02C0}.Debug|Any CPU.Build.0 = Debug|Any CPU
		{B5CC055C-3A1F-48A1-A735-4A7E654E02C0}.Release|Any CPU.ActiveCfg = Release|Any CPU
		{B5CC055C-3A1F-48A1-A735-4A7E654E02C0}.Release|Any CPU.Build.0 = Release|Any CPU
		{1FD3D2C9-39CC-49CE-B170-D56F50CDA611}.Debug|Any CPU.ActiveCfg = Debug|Any CPU
		{1FD3D2C9-39CC-49CE-B170-D56F50CDA611}.Debug|Any CPU.Build.0 = Debug|Any CPU
		{1FD3D2C9-39CC-49CE-B170-D56F50CDA611}.Release|Any CPU.ActiveCfg = Release|Any CPU
		{1FD3D2C9-39CC-49CE-B170-D56F50CDA611}.Release|Any CPU.Build.0 = Release|Any CPU
	EndGlobalSection
	GlobalSection(SolutionProperties) = preSolution
		HideSolutionNode = FALSE
	EndGlobalSection
	GlobalSection(ExtensibilityGlobals) = postSolution
		SolutionGuid = {FCC9F813-67AB-4F0E-B4D6-37CB333A7337}
	EndGlobalSection
EndGlobal
